// !$*UTF8*$!
{
	archiveVersion = 1;
	classes = {
	};
	objectVersion = 51;
	objects = {

/* Begin PBXBuildFile section */
		2A23CDE325ED0D78009B716D /* Note.swift in Sources */ = {isa = PBXBuildFile; fileRef = 2A23CDE225ED0D78009B716D /* Note.swift */; };
		2A23CDE925ED0E55009B716D /* FirebaseService.swift in Sources */ = {isa = PBXBuildFile; fileRef = 2A23CDE825ED0E55009B716D /* FirebaseService.swift */; };
		2A23CE0325ED168B009B716D /* Updateable.swift in Sources */ = {isa = PBXBuildFile; fileRef = 2A23CE0225ED168B009B716D /* Updateable.swift */; };
		2A253FEF25E3D03A00B789E8 /* AppDelegate.swift in Sources */ = {isa = PBXBuildFile; fileRef = 2A253FEE25E3D03A00B789E8 /* AppDelegate.swift */; };
		2A253FF125E3D03A00B789E8 /* SceneDelegate.swift in Sources */ = {isa = PBXBuildFile; fileRef = 2A253FF025E3D03A00B789E8 /* SceneDelegate.swift */; };
		2A253FF325E3D03A00B789E8 /* ViewController.swift in Sources */ = {isa = PBXBuildFile; fileRef = 2A253FF225E3D03A00B789E8 /* ViewController.swift */; };
		2A253FF625E3D03A00B789E8 /* Main.storyboard in Resources */ = {isa = PBXBuildFile; fileRef = 2A253FF425E3D03A00B789E8 /* Main.storyboard */; };
		2A253FF825E3D03B00B789E8 /* Assets.xcassets in Resources */ = {isa = PBXBuildFile; fileRef = 2A253FF725E3D03B00B789E8 /* Assets.xcassets */; };
		2A253FFB25E3D03B00B789E8 /* LaunchScreen.storyboard in Resources */ = {isa = PBXBuildFile; fileRef = 2A253FF925E3D03B00B789E8 /* LaunchScreen.storyboard */; };
		2A25402A25E3D3CD00B789E8 /* GoogleService-Info.plist in Resources */ = {isa = PBXBuildFile; fileRef = 2A25402925E3D3CD00B789E8 /* GoogleService-Info.plist */; };
		2ACD031C25F662A000FAD755 /* ImagePicker.swift in Sources */ = {isa = PBXBuildFile; fileRef = 2ACD031B25F662A000FAD755 /* ImagePicker.swift */; };
		2ACD033725F66AA900FAD755 /* DetailViewController.swift in Sources */ = {isa = PBXBuildFile; fileRef = 2ACD033625F66AA900FAD755 /* DetailViewController.swift */; };
		6089DAFACBA6A599C6F87D7D /* Pods_FirebaseDemo.framework in Frameworks */ = {isa = PBXBuildFile; fileRef = 22EE2B816A10E44616C92D0F /* Pods_FirebaseDemo.framework */; };
/* End PBXBuildFile section */

/* Begin PBXContainerItemProxy section */
		2A25400225E3D03B00B789E8 /* PBXContainerItemProxy */ = {
			isa = PBXContainerItemProxy;
			containerPortal = 2A253FE325E3D03A00B789E8 /* Project object */;
			proxyType = 1;
			remoteGlobalIDString = 2A253FEA25E3D03A00B789E8;
			remoteInfo = FirebaseDemo;
		};
		2A25400D25E3D03B00B789E8 /* PBXContainerItemProxy */ = {
			isa = PBXContainerItemProxy;
			containerPortal = 2A253FE325E3D03A00B789E8 /* Project object */;
			proxyType = 1;
			remoteGlobalIDString = 2A253FEA25E3D03A00B789E8;
			remoteInfo = FirebaseDemo;
		};
/* End PBXContainerItemProxy section */

/* Begin PBXFileReference section */
		0118973A34A0981B54DF2722 /* Pods-FirebaseDemo.debug.xcconfig */ = {isa = PBXFileReference; includeInIndex = 1; lastKnownFileType = text.xcconfig; name = "Pods-FirebaseDemo.debug.xcconfig"; path = "Target Support Files/Pods-FirebaseDemo/Pods-FirebaseDemo.debug.xcconfig"; sourceTree = "<group>"; };
		22EE2B816A10E44616C92D0F /* Pods_FirebaseDemo.framework */ = {isa = PBXFileReference; explicitFileType = wrapper.framework; includeInIndex = 0; path = Pods_FirebaseDemo.framework; sourceTree = BUILT_PRODUCTS_DIR; };
		2A23CDE225ED0D78009B716D /* Note.swift */ = {isa = PBXFileReference; lastKnownFileType = sourcecode.swift; path = Note.swift; sourceTree = "<group>"; };
		2A23CDE825ED0E55009B716D /* FirebaseService.swift */ = {isa = PBXFileReference; lastKnownFileType = sourcecode.swift; path = FirebaseService.swift; sourceTree = "<group>"; };
		2A23CE0225ED168B009B716D /* Updateable.swift */ = {isa = PBXFileReference; lastKnownFileType = sourcecode.swift; path = Updateable.swift; sourceTree = "<group>"; };
		2A253FEB25E3D03A00B789E8 /* FirebaseDemo.app */ = {isa = PBXFileReference; explicitFileType = wrapper.application; includeInIndex = 0; path = FirebaseDemo.app; sourceTree = BUILT_PRODUCTS_DIR; };
		2A253FEE25E3D03A00B789E8 /* AppDelegate.swift */ = {isa = PBXFileReference; lastKnownFileType = sourcecode.swift; path = AppDelegate.swift; sourceTree = "<group>"; };
		2A253FF025E3D03A00B789E8 /* SceneDelegate.swift */ = {isa = PBXFileReference; lastKnownFileType = sourcecode.swift; path = SceneDelegate.swift; sourceTree = "<group>"; };
		2A253FF225E3D03A00B789E8 /* ViewController.swift */ = {isa = PBXFileReference; lastKnownFileType = sourcecode.swift; path = ViewController.swift; sourceTree = "<group>"; };
		2A253FF525E3D03A00B789E8 /* Base */ = {isa = PBXFileReference; lastKnownFileType = file.storyboard; name = Base; path = Base.lproj/Main.storyboard; sourceTree = "<group>"; };
		2A253FF725E3D03B00B789E8 /* Assets.xcassets */ = {isa = PBXFileReference; lastKnownFileType = folder.assetcatalog; path = Assets.xcassets; sourceTree = "<group>"; };
		2A253FFA25E3D03B00B789E8 /* Base */ = {isa = PBXFileReference; lastKnownFileType = file.storyboard; name = Base; path = Base.lproj/LaunchScreen.storyboard; sourceTree = "<group>"; };
		2A253FFC25E3D03B00B789E8 /* Info.plist */ = {isa = PBXFileReference; lastKnownFileType = text.plist.xml; path = Info.plist; sourceTree = "<group>"; };
		2A25400125E3D03B00B789E8 /* FirebaseDemoTests.xctest */ = {isa = PBXFileReference; explicitFileType = wrapper.cfbundle; includeInIndex = 0; path = FirebaseDemoTests.xctest; sourceTree = BUILT_PRODUCTS_DIR; };
		2A25400C25E3D03B00B789E8 /* FirebaseDemoUITests.xctest */ = {isa = PBXFileReference; explicitFileType = wrapper.cfbundle; includeInIndex = 0; path = FirebaseDemoUITests.xctest; sourceTree = BUILT_PRODUCTS_DIR; };
		2A25402925E3D3CD00B789E8 /* GoogleService-Info.plist */ = {isa = PBXFileReference; fileEncoding = 4; lastKnownFileType = text.plist.xml; path = "GoogleService-Info.plist"; sourceTree = "<group>"; };
		2ACD031B25F662A000FAD755 /* ImagePicker.swift */ = {isa = PBXFileReference; lastKnownFileType = sourcecode.swift; path = ImagePicker.swift; sourceTree = "<group>"; };
		2ACD033625F66AA900FAD755 /* DetailViewController.swift */ = {isa = PBXFileReference; lastKnownFileType = sourcecode.swift; path = DetailViewController.swift; sourceTree = "<group>"; };
		6EC6E463126A1A50A29A58FC /* Pods-FirebaseDemo.release.xcconfig */ = {isa = PBXFileReference; includeInIndex = 1; lastKnownFileType = text.xcconfig; name = "Pods-FirebaseDemo.release.xcconfig"; path = "Target Support Files/Pods-FirebaseDemo/Pods-FirebaseDemo.release.xcconfig"; sourceTree = "<group>"; };
/* End PBXFileReference section */

/* Begin PBXFrameworksBuildPhase section */
		2A253FE825E3D03A00B789E8 /* Frameworks */ = {
			isa = PBXFrameworksBuildPhase;
			buildActionMask = 2147483647;
			files = (
				6089DAFACBA6A599C6F87D7D /* Pods_FirebaseDemo.framework in Frameworks */,
			);
			runOnlyForDeploymentPostprocessing = 0;
		};
		2A253FFE25E3D03B00B789E8 /* Frameworks */ = {
			isa = PBXFrameworksBuildPhase;
			buildActionMask = 2147483647;
			files = (
			);
			runOnlyForDeploymentPostprocessing = 0;
		};
		2A25400925E3D03B00B789E8 /* Frameworks */ = {
			isa = PBXFrameworksBuildPhase;
			buildActionMask = 2147483647;
			files = (
			);
			runOnlyForDeploymentPostprocessing = 0;
		};
/* End PBXFrameworksBuildPhase section */

/* Begin PBXGroup section */
		2A23CDE725ED0D92009B716D /* model */ = {
			isa = PBXGroup;
			children = (
				2A23CDE225ED0D78009B716D /* Note.swift */,
			);
			path = model;
			sourceTree = "<group>";
		};
		2A253FE225E3D03A00B789E8 = {
			isa = PBXGroup;
			children = (
				2A253FEC25E3D03A00B789E8 /* Products */,
				2A253FED25E3D03A00B789E8 /* FirebaseDemo */,
				AA95FE5606D1D687B5D749C5 /* Pods */,
				9D04BF44C30B3CFD926CD9A9 /* Frameworks */,
			);
			sourceTree = "<group>";
		};
		2A253FEC25E3D03A00B789E8 /* Products */ = {
			isa = PBXGroup;
			children = (
				2A253FEB25E3D03A00B789E8 /* FirebaseDemo.app */,
				2A25400125E3D03B00B789E8 /* FirebaseDemoTests.xctest */,
				2A25400C25E3D03B00B789E8 /* FirebaseDemoUITests.xctest */,
			);
			name = Products;
			sourceTree = "<group>";
		};
		2A253FED25E3D03A00B789E8 /* FirebaseDemo */ = {
			isa = PBXGroup;
			children = (
				2A23CDE725ED0D92009B716D /* model */,
				2A253FEE25E3D03A00B789E8 /* AppDelegate.swift */,
				2A253FF025E3D03A00B789E8 /* SceneDelegate.swift */,
				2A253FF225E3D03A00B789E8 /* ViewController.swift */,
				2A23CDE825ED0E55009B716D /* FirebaseService.swift */,
				2A253FF425E3D03A00B789E8 /* Main.storyboard */,
				2A253FF725E3D03B00B789E8 /* Assets.xcassets */,
				2A253FF925E3D03B00B789E8 /* LaunchScreen.storyboard */,
				2A253FFC25E3D03B00B789E8 /* Info.plist */,
				2A25402925E3D3CD00B789E8 /* GoogleService-Info.plist */,
				2A23CE0225ED168B009B716D /* Updateable.swift */,
				2ACD031B25F662A000FAD755 /* ImagePicker.swift */,
				2ACD033625F66AA900FAD755 /* DetailViewController.swift */,
			);
			path = FirebaseDemo;
			sourceTree = "<group>";
		};
		9D04BF44C30B3CFD926CD9A9 /* Frameworks */ = {
			isa = PBXGroup;
			children = (
				22EE2B816A10E44616C92D0F /* Pods_FirebaseDemo.framework */,
			);
			name = Frameworks;
			sourceTree = "<group>";
		};
		AA95FE5606D1D687B5D749C5 /* Pods */ = {
			isa = PBXGroup;
			children = (
				0118973A34A0981B54DF2722 /* Pods-FirebaseDemo.debug.xcconfig */,
				6EC6E463126A1A50A29A58FC /* Pods-FirebaseDemo.release.xcconfig */,
			);
			path = Pods;
			sourceTree = "<group>";
		};
/* End PBXGroup section */

/* Begin PBXNativeTarget section */
		2A253FEA25E3D03A00B789E8 /* FirebaseDemo */ = {
			isa = PBXNativeTarget;
			buildConfigurationList = 2A25401525E3D03B00B789E8 /* Build configuration list for PBXNativeTarget "FirebaseDemo" */;
			buildPhases = (
				D747FA83E69A73648A3AD44C /* [CP] Check Pods Manifest.lock */,
				2A253FE725E3D03A00B789E8 /* Sources */,
				2A253FE825E3D03A00B789E8 /* Frameworks */,
				2A253FE925E3D03A00B789E8 /* Resources */,
				DE590447B34A594A1FA21332 /* [CP] Embed Pods Frameworks */,
			);
			buildRules = (
			);
			dependencies = (
			);
			name = FirebaseDemo;
			productName = FirebaseDemo;
			productReference = 2A253FEB25E3D03A00B789E8 /* FirebaseDemo.app */;
			productType = "com.apple.product-type.application";
		};
		2A25400025E3D03B00B789E8 /* FirebaseDemoTests */ = {
			isa = PBXNativeTarget;
			buildConfigurationList = 2A25401825E3D03B00B789E8 /* Build configuration list for PBXNativeTarget "FirebaseDemoTests" */;
			buildPhases = (
				2A253FFD25E3D03B00B789E8 /* Sources */,
				2A253FFE25E3D03B00B789E8 /* Frameworks */,
				2A253FFF25E3D03B00B789E8 /* Resources */,
			);
			buildRules = (
			);
			dependencies = (
				2A25400325E3D03B00B789E8 /* PBXTargetDependency */,
			);
			name = FirebaseDemoTests;
			productName = FirebaseDemoTests;
			productReference = 2A25400125E3D03B00B789E8 /* FirebaseDemoTests.xctest */;
			productType = "com.apple.product-type.bundle.unit-test";
		};
		2A25400B25E3D03B00B789E8 /* FirebaseDemoUITests */ = {
			isa = PBXNativeTarget;
			buildConfigurationList = 2A25401B25E3D03B00B789E8 /* Build configuration list for PBXNativeTarget "FirebaseDemoUITests" */;
			buildPhases = (
				2A25400825E3D03B00B789E8 /* Sources */,
				2A25400925E3D03B00B789E8 /* Frameworks */,
				2A25400A25E3D03B00B789E8 /* Resources */,
			);
			buildRules = (
			);
			dependencies = (
				2A25400E25E3D03B00B789E8 /* PBXTargetDependency */,
			);
			name = FirebaseDemoUITests;
			productName = FirebaseDemoUITests;
			productReference = 2A25400C25E3D03B00B789E8 /* FirebaseDemoUITests.xctest */;
			productType = "com.apple.product-type.bundle.ui-testing";
		};
/* End PBXNativeTarget section */

/* Begin PBXProject section */
		2A253FE325E3D03A00B789E8 /* Project object */ = {
			isa = PBXProject;
			attributes = {
				LastSwiftUpdateCheck = 1240;
				LastUpgradeCheck = 1240;
				TargetAttributes = {
					2A253FEA25E3D03A00B789E8 = {
						CreatedOnToolsVersion = 12.4;
					};
					2A25400025E3D03B00B789E8 = {
						CreatedOnToolsVersion = 12.4;
						TestTargetID = 2A253FEA25E3D03A00B789E8;
					};
					2A25400B25E3D03B00B789E8 = {
						CreatedOnToolsVersion = 12.4;
						TestTargetID = 2A253FEA25E3D03A00B789E8;
					};
				};
			};
			buildConfigurationList = 2A253FE625E3D03A00B789E8 /* Build configuration list for PBXProject "FirebaseDemo" */;
			compatibilityVersion = "Xcode 9.3";
			developmentRegion = en;
			hasScannedForEncodings = 0;
			knownRegions = (
				en,
				Base,
			);
			mainGroup = 2A253FE225E3D03A00B789E8;
			productRefGroup = 2A253FEC25E3D03A00B789E8 /* Products */;
			projectDirPath = "";
			projectRoot = "";
			targets = (
				2A253FEA25E3D03A00B789E8 /* FirebaseDemo */,
				2A25400025E3D03B00B789E8 /* FirebaseDemoTests */,
				2A25400B25E3D03B00B789E8 /* FirebaseDemoUITests */,
			);
		};
/* End PBXProject section */

/* Begin PBXResourcesBuildPhase section */
		2A253FE925E3D03A00B789E8 /* Resources */ = {
			isa = PBXResourcesBuildPhase;
			buildActionMask = 2147483647;
			files = (
				2A253FFB25E3D03B00B789E8 /* LaunchScreen.storyboard in Resources */,
				2A25402A25E3D3CD00B789E8 /* GoogleService-Info.plist in Resources */,
				2A253FF825E3D03B00B789E8 /* Assets.xcassets in Resources */,
				2A253FF625E3D03A00B789E8 /* Main.storyboard in Resources */,
			);
			runOnlyForDeploymentPostprocessing = 0;
		};
		2A253FFF25E3D03B00B789E8 /* Resources */ = {
			isa = PBXResourcesBuildPhase;
			buildActionMask = 2147483647;
			files = (
			);
			runOnlyForDeploymentPostprocessing = 0;
		};
		2A25400A25E3D03B00B789E8 /* Resources */ = {
			isa = PBXResourcesBuildPhase;
			buildActionMask = 2147483647;
			files = (
			);
			runOnlyForDeploymentPostprocessing = 0;
		};
/* End PBXResourcesBuildPhase section */

/* Begin PBXShellScriptBuildPhase section */
		D747FA83E69A73648A3AD44C /* [CP] Check Pods Manifest.lock */ = {
			isa = PBXShellScriptBuildPhase;
			buildActionMask = 2147483647;
			files = (
			);
			inputFileListPaths = (
			);
			inputPaths = (
				"${PODS_PODFILE_DIR_PATH}/Podfile.lock",
				"${PODS_ROOT}/Manifest.lock",
			);
			name = "[CP] Check Pods Manifest.lock";
			outputFileListPaths = (
			);
			outputPaths = (
				"$(DERIVED_FILE_DIR)/Pods-FirebaseDemo-checkManifestLockResult.txt",
			);
			runOnlyForDeploymentPostprocessing = 0;
			shellPath = /bin/sh;
			shellScript = "diff \"${PODS_PODFILE_DIR_PATH}/Podfile.lock\" \"${PODS_ROOT}/Manifest.lock\" > /dev/null\nif [ $? != 0 ] ; then\n    # print error to STDERR\n    echo \"error: The sandbox is not in sync with the Podfile.lock. Run 'pod install' or update your CocoaPods installation.\" >&2\n    exit 1\nfi\n# This output is used by Xcode 'outputs' to avoid re-running this script phase.\necho \"SUCCESS\" > \"${SCRIPT_OUTPUT_FILE_0}\"\n";
			showEnvVarsInLog = 0;
		};
		DE590447B34A594A1FA21332 /* [CP] Embed Pods Frameworks */ = {
			isa = PBXShellScriptBuildPhase;
			buildActionMask = 2147483647;
			files = (
			);
			inputFileListPaths = (
				"${PODS_ROOT}/Target Support Files/Pods-FirebaseDemo/Pods-FirebaseDemo-frameworks-${CONFIGURATION}-input-files.xcfilelist",
			);
			name = "[CP] Embed Pods Frameworks";
			outputFileListPaths = (
				"${PODS_ROOT}/Target Support Files/Pods-FirebaseDemo/Pods-FirebaseDemo-frameworks-${CONFIGURATION}-output-files.xcfilelist",
			);
			runOnlyForDeploymentPostprocessing = 0;
			shellPath = /bin/sh;
			shellScript = "\"${PODS_ROOT}/Target Support Files/Pods-FirebaseDemo/Pods-FirebaseDemo-frameworks.sh\"\n";
			showEnvVarsInLog = 0;
		};
/* End PBXShellScriptBuildPhase section */

/* Begin PBXSourcesBuildPhase section */
		2A253FE725E3D03A00B789E8 /* Sources */ = {
			isa = PBXSourcesBuildPhase;
			buildActionMask = 2147483647;
			files = (
				2A253FF325E3D03A00B789E8 /* ViewController.swift in Sources */,
				2A23CDE925ED0E55009B716D /* FirebaseService.swift in Sources */,
				2A253FEF25E3D03A00B789E8 /* AppDelegate.swift in Sources */,
				2ACD031C25F662A000FAD755 /* ImagePicker.swift in Sources */,
				2A253FF125E3D03A00B789E8 /* SceneDelegate.swift in Sources */,
				2A23CE0325ED168B009B716D /* Updateable.swift in Sources */,
				2A23CDE325ED0D78009B716D /* Note.swift in Sources */,
				2ACD033725F66AA900FAD755 /* DetailViewController.swift in Sources */,
			);
			runOnlyForDeploymentPostprocessing = 0;
		};
		2A253FFD25E3D03B00B789E8 /* Sources */ = {
			isa = PBXSourcesBuildPhase;
			buildActionMask = 2147483647;
			files = (
			);
			runOnlyForDeploymentPostprocessing = 0;
		};
		2A25400825E3D03B00B789E8 /* Sources */ = {
			isa = PBXSourcesBuildPhase;
			buildActionMask = 2147483647;
			files = (
			);
			runOnlyForDeploymentPostprocessing = 0;
		};
/* End PBXSourcesBuildPhase section */

/* Begin PBXTargetDependency section */
		2A25400325E3D03B00B789E8 /* PBXTargetDependency */ = {
			isa = PBXTargetDependency;
			target = 2A253FEA25E3D03A00B789E8 /* FirebaseDemo */;
			targetProxy = 2A25400225E3D03B00B789E8 /* PBXContainerItemProxy */;
		};
		2A25400E25E3D03B00B789E8 /* PBXTargetDependency */ = {
			isa = PBXTargetDependency;
			target = 2A253FEA25E3D03A00B789E8 /* FirebaseDemo */;
			targetProxy = 2A25400D25E3D03B00B789E8 /* PBXContainerItemProxy */;
		};
/* End PBXTargetDependency section */

/* Begin PBXVariantGroup section */
		2A253FF425E3D03A00B789E8 /* Main.storyboard */ = {
			isa = PBXVariantGroup;
			children = (
				2A253FF525E3D03A00B789E8 /* Base */,
			);
			name = Main.storyboard;
			sourceTree = "<group>";
		};
		2A253FF925E3D03B00B789E8 /* LaunchScreen.storyboard */ = {
			isa = PBXVariantGroup;
			children = (
				2A253FFA25E3D03B00B789E8 /* Base */,
			);
			name = LaunchScreen.storyboard;
			sourceTree = "<group>";
		};
/* End PBXVariantGroup section */

/* Begin XCBuildConfiguration section */
		2A25401325E3D03B00B789E8 /* Debug */ = {
			isa = XCBuildConfiguration;
			buildSettings = {
				ALWAYS_SEARCH_USER_PATHS = NO;
				CLANG_ANALYZER_NONNULL = YES;
				CLANG_ANALYZER_NUMBER_OBJECT_CONVERSION = YES_AGGRESSIVE;
				CLANG_CXX_LANGUAGE_STANDARD = "gnu++14";
				CLANG_CXX_LIBRARY = "libc++";
				CLANG_ENABLE_MODULES = YES;
				CLANG_ENABLE_OBJC_ARC = YES;
				CLANG_ENABLE_OBJC_WEAK = YES;
				CLANG_WARN_BLOCK_CAPTURE_AUTORELEASING = YES;
				CLANG_WARN_BOOL_CONVERSION = YES;
				CLANG_WARN_COMMA = YES;
				CLANG_WARN_CONSTANT_CONVERSION = YES;
				CLANG_WARN_DEPRECATED_OBJC_IMPLEMENTATIONS = YES;
				CLANG_WARN_DIRECT_OBJC_ISA_USAGE = YES_ERROR;
				CLANG_WARN_DOCUMENTATION_COMMENTS = YES;
				CLANG_WARN_EMPTY_BODY = YES;
				CLANG_WARN_ENUM_CONVERSION = YES;
				CLANG_WARN_INFINITE_RECURSION = YES;
				CLANG_WARN_INT_CONVERSION = YES;
				CLANG_WARN_NON_LITERAL_NULL_CONVERSION = YES;
				CLANG_WARN_OBJC_IMPLICIT_RETAIN_SELF = YES;
				CLANG_WARN_OBJC_LITERAL_CONVERSION = YES;
				CLANG_WARN_OBJC_ROOT_CLASS = YES_ERROR;
				CLANG_WARN_QUOTED_INCLUDE_IN_FRAMEWORK_HEADER = YES;
				CLANG_WARN_RANGE_LOOP_ANALYSIS = YES;
				CLANG_WARN_STRICT_PROTOTYPES = YES;
				CLANG_WARN_SUSPICIOUS_MOVE = YES;
				CLANG_WARN_UNGUARDED_AVAILABILITY = YES_AGGRESSIVE;
				CLANG_WARN_UNREACHABLE_CODE = YES;
				CLANG_WARN__DUPLICATE_METHOD_MATCH = YES;
				COPY_PHASE_STRIP = NO;
				DEBUG_INFORMATION_FORMAT = dwarf;
				ENABLE_STRICT_OBJC_MSGSEND = YES;
				ENABLE_TESTABILITY = YES;
				GCC_C_LANGUAGE_STANDARD = gnu11;
				GCC_DYNAMIC_NO_PIC = NO;
				GCC_NO_COMMON_BLOCKS = YES;
				GCC_OPTIMIZATION_LEVEL = 0;
				GCC_PREPROCESSOR_DEFINITIONS = (
					"DEBUG=1",
					"$(inherited)",
				);
				GCC_WARN_64_TO_32_BIT_CONVERSION = YES;
				GCC_WARN_ABOUT_RETURN_TYPE = YES_ERROR;
				GCC_WARN_UNDECLARED_SELECTOR = YES;
				GCC_WARN_UNINITIALIZED_AUTOS = YES_AGGRESSIVE;
				GCC_WARN_UNUSED_FUNCTION = YES;
				GCC_WARN_UNUSED_VARIABLE = YES;
				IPHONEOS_DEPLOYMENT_TARGET = 14.4;
				MTL_ENABLE_DEBUG_INFO = INCLUDE_SOURCE;
				MTL_FAST_MATH = YES;
				ONLY_ACTIVE_ARCH = YES;
				SDKROOT = iphoneos;
				SWIFT_ACTIVE_COMPILATION_CONDITIONS = DEBUG;
				SWIFT_OPTIMIZATION_LEVEL = "-Onone";
			};
			name = Debug;
		};
		2A25401425E3D03B00B789E8 /* Release */ = {
			isa = XCBuildConfiguration;
			buildSettings = {
				ALWAYS_SEARCH_USER_PATHS = NO;
				CLANG_ANALYZER_NONNULL = YES;
				CLANG_ANALYZER_NUMBER_OBJECT_CONVERSION = YES_AGGRESSIVE;
				CLANG_CXX_LANGUAGE_STANDARD = "gnu++14";
				CLANG_CXX_LIBRARY = "libc++";
				CLANG_ENABLE_MODULES = YES;
				CLANG_ENABLE_OBJC_ARC = YES;
				CLANG_ENABLE_OBJC_WEAK = YES;
				CLANG_WARN_BLOCK_CAPTURE_AUTORELEASING = YES;
				CLANG_WARN_BOOL_CONVERSION = YES;
				CLANG_WARN_COMMA = YES;
				CLANG_WARN_CONSTANT_CONVERSION = YES;
				CLANG_WARN_DEPRECATED_OBJC_IMPLEMENTATIONS = YES;
				CLANG_WARN_DIRECT_OBJC_ISA_USAGE = YES_ERROR;
				CLANG_WARN_DOCUMENTATION_COMMENTS = YES;
				CLANG_WARN_EMPTY_BODY = YES;
				CLANG_WARN_ENUM_CONVERSION = YES;
				CLANG_WARN_INFINITE_RECURSION = YES;
				CLANG_WARN_INT_CONVERSION = YES;
				CLANG_WARN_NON_LITERAL_NULL_CONVERSION = YES;
				CLANG_WARN_OBJC_IMPLICIT_RETAIN_SELF = YES;
				CLANG_WARN_OBJC_LITERAL_CONVERSION = YES;
				CLANG_WARN_OBJC_ROOT_CLASS = YES_ERROR;
				CLANG_WARN_QUOTED_INCLUDE_IN_FRAMEWORK_HEADER = YES;
				CLANG_WARN_RANGE_LOOP_ANALYSIS = YES;
				CLANG_WARN_STRICT_PROTOTYPES = YES;
				CLANG_WARN_SUSPICIOUS_MOVE = YES;
				CLANG_WARN_UNGUARDED_AVAILABILITY = YES_AGGRESSIVE;
				CLANG_WARN_UNREACHABLE_CODE = YES;
				CLANG_WARN__DUPLICATE_METHOD_MATCH = YES;
				COPY_PHASE_STRIP = NO;
				DEBUG_INFORMATION_FORMAT = "dwarf-with-dsym";
				ENABLE_NS_ASSERTIONS = NO;
				ENABLE_STRICT_OBJC_MSGSEND = YES;
				GCC_C_LANGUAGE_STANDARD = gnu11;
				GCC_NO_COMMON_BLOCKS = YES;
				GCC_WARN_64_TO_32_BIT_CONVERSION = YES;
				GCC_WARN_ABOUT_RETURN_TYPE = YES_ERROR;
				GCC_WARN_UNDECLARED_SELECTOR = YES;
				GCC_WARN_UNINITIALIZED_AUTOS = YES_AGGRESSIVE;
				GCC_WARN_UNUSED_FUNCTION = YES;
				GCC_WARN_UNUSED_VARIABLE = YES;
				IPHONEOS_DEPLOYMENT_TARGET = 14.4;
				MTL_ENABLE_DEBUG_INFO = NO;
				MTL_FAST_MATH = YES;
				SDKROOT = iphoneos;
				SWIFT_COMPILATION_MODE = wholemodule;
				SWIFT_OPTIMIZATION_LEVEL = "-O";
				VALIDATE_PRODUCT = YES;
			};
			name = Release;
		};
		2A25401625E3D03B00B789E8 /* Debug */ = {
			isa = XCBuildConfiguration;
			baseConfigurationReference = 0118973A34A0981B54DF2722 /* Pods-FirebaseDemo.debug.xcconfig */;
			buildSettings = {
				ASSETCATALOG_COMPILER_APPICON_NAME = AppIcon;
				ASSETCATALOG_COMPILER_GLOBAL_ACCENT_COLOR_NAME = AccentColor;
				CODE_SIGN_STYLE = Automatic;
				DEVELOPMENT_TEAM = L46V5ATRW5;
				INFOPLIST_FILE = FirebaseDemo/Info.plist;
				LD_RUNPATH_SEARCH_PATHS = (
					"$(inherited)",
					"@executable_path/Frameworks",
				);
				PRODUCT_BUNDLE_IDENTIFIER = com.company.demo.FirebaseDemo;
				PRODUCT_NAME = "$(TARGET_NAME)";
				SWIFT_VERSION = 5.0;
				TARGETED_DEVICE_FAMILY = "1,2";
			};
			name = Debug;
		};
		2A25401725E3D03B00B789E8 /* Release */ = {
			isa = XCBuildConfiguration;
			baseConfigurationReference = 6EC6E463126A1A50A29A58FC /* Pods-FirebaseDemo.release.xcconfig */;
			buildSettings = {
				ASSETCATALOG_COMPILER_APPICON_NAME = AppIcon;
				ASSETCATALOG_COMPILER_GLOBAL_ACCENT_COLOR_NAME = AccentColor;
				CODE_SIGN_STYLE = Automatic;
				DEVELOPMENT_TEAM = L46V5ATRW5;
				INFOPLIST_FILE = FirebaseDemo/Info.plist;
				LD_RUNPATH_SEARCH_PATHS = (
					"$(inherited)",
					"@executable_path/Frameworks",
				);
				PRODUCT_BUNDLE_IDENTIFIER = com.company.demo.FirebaseDemo;
				PRODUCT_NAME = "$(TARGET_NAME)";
				SWIFT_VERSION = 5.0;
				TARGETED_DEVICE_FAMILY = "1,2";
			};
			name = Release;
		};
		2A25401925E3D03B00B789E8 /* Debug */ = {
			isa = XCBuildConfiguration;
			buildSettings = {
				ALWAYS_EMBED_SWIFT_STANDARD_LIBRARIES = YES;
				BUNDLE_LOADER = "$(TEST_HOST)";
				CODE_SIGN_STYLE = Automatic;
				DEVELOPMENT_TEAM = L46V5ATRW5;
				INFOPLIST_FILE = FirebaseDemoTests/Info.plist;
				IPHONEOS_DEPLOYMENT_TARGET = 14.4;
				LD_RUNPATH_SEARCH_PATHS = (
					"$(inherited)",
					"@executable_path/Frameworks",
					"@loader_path/Frameworks",
				);
				PRODUCT_BUNDLE_IDENTIFIER = com.company.demo.FirebaseDemoTests;
				PRODUCT_NAME = "$(TARGET_NAME)";
				SWIFT_VERSION = 5.0;
				TARGETED_DEVICE_FAMILY = "1,2";
				TEST_HOST = "$(BUILT_PRODUCTS_DIR)/FirebaseDemo.app/FirebaseDemo";
			};
			name = Debug;
		};
		2A25401A25E3D03B00B789E8 /* Release */ = {
			isa = XCBuildConfiguration;
			buildSettings = {
				ALWAYS_EMBED_SWIFT_STANDARD_LIBRARIES = YES;
				BUNDLE_LOADER = "$(TEST_HOST)";
				CODE_SIGN_STYLE = Automatic;
				DEVELOPMENT_TEAM = L46V5ATRW5;
				INFOPLIST_FILE = FirebaseDemoTests/Info.plist;
				IPHONEOS_DEPLOYMENT_TARGET = 14.4;
				LD_RUNPATH_SEARCH_PATHS = (
					"$(inherited)",
					"@executable_path/Frameworks",
					"@loader_path/Frameworks",
				);
				PRODUCT_BUNDLE_IDENTIFIER = com.company.demo.FirebaseDemoTests;
				PRODUCT_NAME = "$(TARGET_NAME)";
				SWIFT_VERSION = 5.0;
				TARGETED_DEVICE_FAMILY = "1,2";
				TEST_HOST = "$(BUILT_PRODUCTS_DIR)/FirebaseDemo.app/FirebaseDemo";
			};
			name = Release;
		};
		2A25401C25E3D03B00B789E8 /* Debug */ = {
			isa = XCBuildConfiguration;
			buildSettings = {
				ALWAYS_EMBED_SWIFT_STANDARD_LIBRARIES = YES;
				CODE_SIGN_STYLE = Automatic;
				DEVELOPMENT_TEAM = L46V5ATRW5;
				INFOPLIST_FILE = FirebaseDemoUITests/Info.plist;
				LD_RUNPATH_SEARCH_PATHS = (
					"$(inherited)",
					"@executable_path/Frameworks",
					"@loader_path/Frameworks",
				);
				PRODUCT_BUNDLE_IDENTIFIER = com.company.demo.FirebaseDemoUITests;
				PRODUCT_NAME = "$(TARGET_NAME)";
				SWIFT_VERSION = 5.0;
				TARGETED_DEVICE_FAMILY = "1,2";
				TEST_TARGET_NAME = FirebaseDemo;
			};
			name = Debug;
		};
		2A25401D25E3D03B00B789E8 /* Release */ = {
			isa = XCBuildConfiguration;
			buildSettings = {
				ALWAYS_EMBED_SWIFT_STANDARD_LIBRARIES = YES;
				CODE_SIGN_STYLE = Automatic;
				DEVELOPMENT_TEAM = L46V5ATRW5;
				INFOPLIST_FILE = FirebaseDemoUITests/Info.plist;
				LD_RUNPATH_SEARCH_PATHS = (
					"$(inherited)",
					"@executable_path/Frameworks",
					"@loader_path/Frameworks",
				);
				PRODUCT_BUNDLE_IDENTIFIER = com.company.demo.FirebaseDemoUITests;
				PRODUCT_NAME = "$(TARGET_NAME)";
				SWIFT_VERSION = 5.0;
				TARGETED_DEVICE_FAMILY = "1,2";
				TEST_TARGET_NAME = FirebaseDemo;
			};
			name = Release;
		};
/* End XCBuildConfiguration section */

/* Begin XCConfigurationList section */
		2A253FE625E3D03A00B789E8 /* Build configuration list for PBXProject "FirebaseDemo" */ = {
			isa = XCConfigurationList;
			buildConfigurations = (
				2A25401325E3D03B00B789E8 /* Debug */,
				2A25401425E3D03B00B789E8 /* Release */,
			);
			defaultConfigurationIsVisible = 0;
			defaultConfigurationName = Release;
		};
		2A25401525E3D03B00B789E8 /* Build configuration list for PBXNativeTarget "FirebaseDemo" */ = {
			isa = XCConfigurationList;
			buildConfigurations = (
				2A25401625E3D03B00B789E8 /* Debug */,
				2A25401725E3D03B00B789E8 /* Release */,
			);
			defaultConfigurationIsVisible = 0;
			defaultConfigurationName = Release;
		};
		2A25401825E3D03B00B789E8 /* Build configuration list for PBXNativeTarget "FirebaseDemoTests" */ = {
			isa = XCConfigurationList;
			buildConfigurations = (
				2A25401925E3D03B00B789E8 /* Debug */,
				2A25401A25E3D03B00B789E8 /* Release */,
			);
			defaultConfigurationIsVisible = 0;
			defaultConfigurationName = Release;
		};
		2A25401B25E3D03B00B789E8 /* Build configuration list for PBXNativeTarget "FirebaseDemoUITests" */ = {
			isa = XCConfigurationList;
			buildConfigurations = (
				2A25401C25E3D03B00B789E8 /* Debug */,
				2A25401D25E3D03B00B789E8 /* Release */,
			);
			defaultConfigurationIsVisible = 0;
			defaultConfigurationName = Release;
		};
/* End XCConfigurationList section */
	};
	rootObject = 2A253FE325E3D03A00B789E8 /* Project object */;
}
